
Microsoft Visual Studio Solution File, Format Version 12.00
# Visual Studio Version 16
VisualStudioVersion = 16.0.33027.164
MinimumVisualStudioVersion = 10.0.40219.1
Project("{FAE04EC0-301F-11D3-BF4B-00C04F79EFBC}") = "ExpensesApp", "ExpensesApp\ExpensesApp.csproj", "{A91ED3FD-D982-41BA-9076-643CCD89652C}"
EndProject
Global
	GlobalSection(SolutionConfigurationPlatforms) = preSolution
		Debug|Any CPU = Debug|Any CPU
		Release|Any CPU = Release|Any CPU
	EndGlobalSection
	GlobalSection(ProjectConfigurationPlatforms) = postSolution
		{A91ED3FD-D982-41BA-9076-643CCD89652C}.Debug|Any CPU.ActiveCfg = Debug|Any CPU
		{A91ED3FD-D982-41BA-9076-643CCD89652C}.Debug|Any CPU.Build.0 = Debug|Any CPU
		{A91ED3FD-D982-41BA-9076-643CCD89652C}.Release|Any CPU.ActiveCfg = Release|Any CPU
		{A91ED3FD-D982-41BA-9076-643CCD89652C}.Release|Any CPU.Build.0 = Release|Any CPU
	EndGlobalSection
	GlobalSection(SolutionProperties) = preSolution
		HideSolutionNode = FALSE
	EndGlobalSection
	GlobalSection(ExtensibilityGlobals) = postSolution
		SolutionGuid = {F5447AD2-850D-4989-8FCF-04AD20679E5F}
	EndGlobalSection
EndGlobal
